
Microsoft Visual Studio Solution File, Format Version 12.00
# Visual Studio Version 17
VisualStudioVersion = 17.6.33712.159
MinimumVisualStudioVersion = 10.0.40219.1
Project("{FAE04EC0-301F-11D3-BF4B-00C04F79EFBC}") = "AgileCoding.Extentions.ConfigurationManager", "AgileCoding.Extentions.ConfigurationManager\AgileCoding.Extentions.ConfigurationManager.csproj", "{22F47C77-E183-4344-8CF2-49D2C81F42CE}"
EndProject
Global
	GlobalSection(SolutionConfigurationPlatforms) = preSolution
		Debug|Any CPU = Debug|Any CPU
		Release|Any CPU = Release|Any CPU
	EndGlobalSection
	GlobalSection(ProjectConfigurationPlatforms) = postSolution
		{22F47C77-E183-4344-8CF2-49D2C81F42CE}.Debug|Any CPU.ActiveCfg = Debug|Any CPU
		{22F47C77-E183-4344-8CF2-49D2C81F42CE}.Debug|Any CPU.Build.0 = Debug|Any CPU
		{22F47C77-E183-4344-8CF2-49D2C81F42CE}.Release|Any CPU.ActiveCfg = Release|Any CPU
		{22F47C77-E183-4344-8CF2-49D2C81F42CE}.Release|Any CPU.Build.0 = Release|Any CPU
	EndGlobalSection
	GlobalSection(SolutionProperties) = preSolution
		HideSolutionNode = FALSE
	EndGlobalSection
	GlobalSection(ExtensibilityGlobals) = postSolution
		SolutionGuid = {1309E7D0-E627-401A-BABE-810B8D8D0A86}
	EndGlobalSection
EndGlobal
